
Microsoft Visual Studio Solution File, Format Version 12.00
# Visual Studio Version 16
VisualStudioVersion = 16.0.29503.13
MinimumVisualStudioVersion = 10.0.40219.1
Project("{FAE04EC0-301F-11D3-BF4B-00C04F79EFBC}") = "TayDuKyAPI", "TayDuKyAPI\TayDuKyAPI.csproj", "{668A6FFF-D3AB-4B5A-B920-EB25EA4BAFDA}"
EndProject
Global
	GlobalSection(SolutionConfigurationPlatforms) = preSolution
		Debug|Any CPU = Debug|Any CPU
		Release|Any CPU = Release|Any CPU
	EndGlobalSection
	GlobalSection(ProjectConfigurationPlatforms) = postSolution
		{668A6FFF-D3AB-4B5A-B920-EB25EA4BAFDA}.Debug|Any CPU.ActiveCfg = Debug|Any CPU
		{668A6FFF-D3AB-4B5A-B920-EB25EA4BAFDA}.Debug|Any CPU.Build.0 = Debug|Any CPU
		{668A6FFF-D3AB-4B5A-B920-EB25EA4BAFDA}.Release|Any CPU.ActiveCfg = Release|Any CPU
		{668A6FFF-D3AB-4B5A-B920-EB25EA4BAFDA}.Release|Any CPU.Build.0 = Release|Any CPU
	EndGlobalSection
	GlobalSection(SolutionProperties) = preSolution
		HideSolutionNode = FALSE
	EndGlobalSection
	GlobalSection(ExtensibilityGlobals) = postSolution
		SolutionGuid = {B9B2B3EF-1DFE-4FD6-A313-C8FB52FE08B5}
	EndGlobalSection
EndGlobal
